// !$*UTF8*$!
{
	archiveVersion = 1;
	classes = {
	};
	objectVersion = 56;
	objects = {

/* Begin PBXBuildFile section */
		83603BDB2AD8735C00EA47F1 /* AppDelegate.swift in Sources */ = {isa = PBXBuildFile; fileRef = 83603BDA2AD8735C00EA47F1 /* AppDelegate.swift */; };
		83603BDD2AD8735C00EA47F1 /* SceneDelegate.swift in Sources */ = {isa = PBXBuildFile; fileRef = 83603BDC2AD8735C00EA47F1 /* SceneDelegate.swift */; };
		83603BE22AD8735C00EA47F1 /* Main.storyboard in Resources */ = {isa = PBXBuildFile; fileRef = 83603BE02AD8735C00EA47F1 /* Main.storyboard */; };
		83603BE42AD8735E00EA47F1 /* Assets.xcassets in Resources */ = {isa = PBXBuildFile; fileRef = 83603BE32AD8735E00EA47F1 /* Assets.xcassets */; };
		83603BE72AD8735E00EA47F1 /* LaunchScreen.storyboard in Resources */ = {isa = PBXBuildFile; fileRef = 83603BE52AD8735E00EA47F1 /* LaunchScreen.storyboard */; };
		83603BF42AD874CE00EA47F1 /* FirebaseAnalytics in Frameworks */ = {isa = PBXBuildFile; productRef = 83603BF32AD874CE00EA47F1 /* FirebaseAnalytics */; };
		83603BF62AD874CE00EA47F1 /* FirebaseAnalyticsSwift in Frameworks */ = {isa = PBXBuildFile; productRef = 83603BF52AD874CE00EA47F1 /* FirebaseAnalyticsSwift */; };
		83603BF82AD874CE00EA47F1 /* FirebaseAuth in Frameworks */ = {isa = PBXBuildFile; productRef = 83603BF72AD874CE00EA47F1 /* FirebaseAuth */; };
		83603BFA2AD874CE00EA47F1 /* FirebaseCrashlytics in Frameworks */ = {isa = PBXBuildFile; productRef = 83603BF92AD874CE00EA47F1 /* FirebaseCrashlytics */; };
		83603BFC2AD874CE00EA47F1 /* FirebaseStorage in Frameworks */ = {isa = PBXBuildFile; productRef = 83603BFB2AD874CE00EA47F1 /* FirebaseStorage */; };
		83603BFF2AD876A700EA47F1 /* GoogleService-Info.plist in Resources */ = {isa = PBXBuildFile; fileRef = 83603BFE2AD876A700EA47F1 /* GoogleService-Info.plist */; };
		83603C022AD879E300EA47F1 /* FirebaseFirestore in Frameworks */ = {isa = PBXBuildFile; productRef = 83603C012AD879E300EA47F1 /* FirebaseFirestore */; };
		83603C042AD879E300EA47F1 /* FirebaseFirestoreSwift in Frameworks */ = {isa = PBXBuildFile; productRef = 83603C032AD879E300EA47F1 /* FirebaseFirestoreSwift */; };
		83603C062ADD206800EA47F1 /* LoginViewController.swift in Sources */ = {isa = PBXBuildFile; fileRef = 83603C052ADD206800EA47F1 /* LoginViewController.swift */; };
		83603C082ADD208400EA47F1 /* LoginViewModel.swift in Sources */ = {isa = PBXBuildFile; fileRef = 83603C072ADD208400EA47F1 /* LoginViewModel.swift */; };
		83603C0B2ADD20CD00EA47F1 /* FirebaseAuthService.swift in Sources */ = {isa = PBXBuildFile; fileRef = 83603C0A2ADD20CD00EA47F1 /* FirebaseAuthService.swift */; };
		83603C0D2ADD29B800EA47F1 /* User.swift in Sources */ = {isa = PBXBuildFile; fileRef = 83603C0C2ADD29B800EA47F1 /* User.swift */; };
		83603C112ADD6FFC00EA47F1 /* CreateAccountViewController.swift in Sources */ = {isa = PBXBuildFile; fileRef = 83603C102ADD6FFC00EA47F1 /* CreateAccountViewController.swift */; };
		83603C132ADD726C00EA47F1 /* CreateAccountViewModel.swift in Sources */ = {isa = PBXBuildFile; fileRef = 83603C122ADD726C00EA47F1 /* CreateAccountViewModel.swift */; };
		83DEACF32B1F33FC0058960A /* PartySpotTests.swift in Sources */ = {isa = PBXBuildFile; fileRef = 83DEACF22B1F33FC0058960A /* PartySpotTests.swift */; };
		83DEB9C02AE083DD009A44E1 /* CreatePartyViewController.swift in Sources */ = {isa = PBXBuildFile; fileRef = 83DEB9BF2AE083DD009A44E1 /* CreatePartyViewController.swift */; };
		83DEB9C32AE083F1009A44E1 /* ProfileViewController.swift in Sources */ = {isa = PBXBuildFile; fileRef = 83DEB9C22AE083F1009A44E1 /* ProfileViewController.swift */; };
		83DEB9C82AE14750009A44E1 /* FirestoreService.swift in Sources */ = {isa = PBXBuildFile; fileRef = 83DEB9C72AE14750009A44E1 /* FirestoreService.swift */; };
		83DEB9CE2AE150B3009A44E1 /* CreatePartyViewModel.swift in Sources */ = {isa = PBXBuildFile; fileRef = 83DEB9CD2AE150B3009A44E1 /* CreatePartyViewModel.swift */; };
		83DEB9D02AE156C7009A44E1 /* TabBarViewController.swift in Sources */ = {isa = PBXBuildFile; fileRef = 83DEB9CF2AE156C7009A44E1 /* TabBarViewController.swift */; };
		83DEB9FE2AEBD890009A44E1 /* UserViewModel.swift in Sources */ = {isa = PBXBuildFile; fileRef = 83DEB9FD2AEBD890009A44E1 /* UserViewModel.swift */; };
		83F4CB8D2B21C348009ADF55 /* StringExtension.swift in Sources */ = {isa = PBXBuildFile; fileRef = 83F4CB8C2B21C348009ADF55 /* StringExtension.swift */; };
		83F4CB8F2B21C35F009ADF55 /* UIViewControllerExtension.swift in Sources */ = {isa = PBXBuildFile; fileRef = 83F4CB8E2B21C35F009ADF55 /* UIViewControllerExtension.swift */; };
		83F4CB912B21C371009ADF55 /* UITextFieldExtension.swift in Sources */ = {isa = PBXBuildFile; fileRef = 83F4CB902B21C371009ADF55 /* UITextFieldExtension.swift */; };
		83F4CB932B21C386009ADF55 /* UIButtonExtension.swift in Sources */ = {isa = PBXBuildFile; fileRef = 83F4CB922B21C386009ADF55 /* UIButtonExtension.swift */; };
/* End PBXBuildFile section */

/* Begin PBXContainerItemProxy section */
		83DEACF42B1F33FC0058960A /* PBXContainerItemProxy */ = {
			isa = PBXContainerItemProxy;
			containerPortal = 83603BCF2AD8735C00EA47F1 /* Project object */;
			proxyType = 1;
			remoteGlobalIDString = 83603BD62AD8735C00EA47F1;
			remoteInfo = PartySpot;
		};
/* End PBXContainerItemProxy section */

/* Begin PBXFileReference section */
		83603BD72AD8735C00EA47F1 /* PartySpot.app */ = {isa = PBXFileReference; explicitFileType = wrapper.application; includeInIndex = 0; path = PartySpot.app; sourceTree = BUILT_PRODUCTS_DIR; };
		83603BDA2AD8735C00EA47F1 /* AppDelegate.swift */ = {isa = PBXFileReference; lastKnownFileType = sourcecode.swift; path = AppDelegate.swift; sourceTree = "<group>"; };
		83603BDC2AD8735C00EA47F1 /* SceneDelegate.swift */ = {isa = PBXFileReference; lastKnownFileType = sourcecode.swift; path = SceneDelegate.swift; sourceTree = "<group>"; };
		83603BE12AD8735C00EA47F1 /* Base */ = {isa = PBXFileReference; lastKnownFileType = file.storyboard; name = Base; path = Base.lproj/Main.storyboard; sourceTree = "<group>"; };
		83603BE32AD8735E00EA47F1 /* Assets.xcassets */ = {isa = PBXFileReference; lastKnownFileType = folder.assetcatalog; path = Assets.xcassets; sourceTree = "<group>"; };
		83603BE62AD8735E00EA47F1 /* Base */ = {isa = PBXFileReference; lastKnownFileType = file.storyboard; name = Base; path = Base.lproj/LaunchScreen.storyboard; sourceTree = "<group>"; };
		83603BE82AD8735E00EA47F1 /* Info.plist */ = {isa = PBXFileReference; lastKnownFileType = text.plist.xml; path = Info.plist; sourceTree = "<group>"; };
		83603BFE2AD876A700EA47F1 /* GoogleService-Info.plist */ = {isa = PBXFileReference; fileEncoding = 4; lastKnownFileType = text.plist.xml; path = "GoogleService-Info.plist"; sourceTree = "<group>"; };
		83603C052ADD206800EA47F1 /* LoginViewController.swift */ = {isa = PBXFileReference; lastKnownFileType = sourcecode.swift; path = LoginViewController.swift; sourceTree = "<group>"; };
		83603C072ADD208400EA47F1 /* LoginViewModel.swift */ = {isa = PBXFileReference; lastKnownFileType = sourcecode.swift; path = LoginViewModel.swift; sourceTree = "<group>"; };
		83603C0A2ADD20CD00EA47F1 /* FirebaseAuthService.swift */ = {isa = PBXFileReference; lastKnownFileType = sourcecode.swift; path = FirebaseAuthService.swift; sourceTree = "<group>"; };
		83603C0C2ADD29B800EA47F1 /* User.swift */ = {isa = PBXFileReference; lastKnownFileType = sourcecode.swift; path = User.swift; sourceTree = "<group>"; };
		83603C102ADD6FFC00EA47F1 /* CreateAccountViewController.swift */ = {isa = PBXFileReference; lastKnownFileType = sourcecode.swift; path = CreateAccountViewController.swift; sourceTree = "<group>"; };
		83603C122ADD726C00EA47F1 /* CreateAccountViewModel.swift */ = {isa = PBXFileReference; lastKnownFileType = sourcecode.swift; path = CreateAccountViewModel.swift; sourceTree = "<group>"; };
		83DEACF02B1F33FC0058960A /* PartySpotTests.xctest */ = {isa = PBXFileReference; explicitFileType = wrapper.cfbundle; includeInIndex = 0; path = PartySpotTests.xctest; sourceTree = BUILT_PRODUCTS_DIR; };
		83DEACF22B1F33FC0058960A /* PartySpotTests.swift */ = {isa = PBXFileReference; lastKnownFileType = sourcecode.swift; path = PartySpotTests.swift; sourceTree = "<group>"; };
		83DEB9BF2AE083DD009A44E1 /* CreatePartyViewController.swift */ = {isa = PBXFileReference; lastKnownFileType = sourcecode.swift; path = CreatePartyViewController.swift; sourceTree = "<group>"; };
		83DEB9C22AE083F1009A44E1 /* ProfileViewController.swift */ = {isa = PBXFileReference; lastKnownFileType = sourcecode.swift; path = ProfileViewController.swift; sourceTree = "<group>"; };
		83DEB9C72AE14750009A44E1 /* FirestoreService.swift */ = {isa = PBXFileReference; lastKnownFileType = sourcecode.swift; path = FirestoreService.swift; sourceTree = "<group>"; };
		83DEB9CD2AE150B3009A44E1 /* CreatePartyViewModel.swift */ = {isa = PBXFileReference; lastKnownFileType = sourcecode.swift; path = CreatePartyViewModel.swift; sourceTree = "<group>"; };
		83DEB9CF2AE156C7009A44E1 /* TabBarViewController.swift */ = {isa = PBXFileReference; lastKnownFileType = sourcecode.swift; path = TabBarViewController.swift; sourceTree = "<group>"; };
		83DEB9FD2AEBD890009A44E1 /* UserViewModel.swift */ = {isa = PBXFileReference; lastKnownFileType = sourcecode.swift; path = UserViewModel.swift; sourceTree = "<group>"; };
		83F4CB8C2B21C348009ADF55 /* StringExtension.swift */ = {isa = PBXFileReference; lastKnownFileType = sourcecode.swift; path = StringExtension.swift; sourceTree = "<group>"; };
		83F4CB8E2B21C35F009ADF55 /* UIViewControllerExtension.swift */ = {isa = PBXFileReference; lastKnownFileType = sourcecode.swift; path = UIViewControllerExtension.swift; sourceTree = "<group>"; };
		83F4CB902B21C371009ADF55 /* UITextFieldExtension.swift */ = {isa = PBXFileReference; lastKnownFileType = sourcecode.swift; path = UITextFieldExtension.swift; sourceTree = "<group>"; };
		83F4CB922B21C386009ADF55 /* UIButtonExtension.swift */ = {isa = PBXFileReference; lastKnownFileType = sourcecode.swift; path = UIButtonExtension.swift; sourceTree = "<group>"; };
/* End PBXFileReference section */

/* Begin PBXFrameworksBuildPhase section */
		83603BD42AD8735C00EA47F1 /* Frameworks */ = {
			isa = PBXFrameworksBuildPhase;
			buildActionMask = 2147483647;
			files = (
				83603BF62AD874CE00EA47F1 /* FirebaseAnalyticsSwift in Frameworks */,
				83603BFA2AD874CE00EA47F1 /* FirebaseCrashlytics in Frameworks */,
				83603BF82AD874CE00EA47F1 /* FirebaseAuth in Frameworks */,
				83603C042AD879E300EA47F1 /* FirebaseFirestoreSwift in Frameworks */,
				83603BFC2AD874CE00EA47F1 /* FirebaseStorage in Frameworks */,
				83603BF42AD874CE00EA47F1 /* FirebaseAnalytics in Frameworks */,
				83603C022AD879E300EA47F1 /* FirebaseFirestore in Frameworks */,
			);
			runOnlyForDeploymentPostprocessing = 0;
		};
		83DEACED2B1F33FC0058960A /* Frameworks */ = {
			isa = PBXFrameworksBuildPhase;
			buildActionMask = 2147483647;
			files = (
			);
			runOnlyForDeploymentPostprocessing = 0;
		};
/* End PBXFrameworksBuildPhase section */

/* Begin PBXGroup section */
		83603BCE2AD8735C00EA47F1 = {
			isa = PBXGroup;
			children = (
				83603BD92AD8735C00EA47F1 /* PartySpot */,
				83DEACF12B1F33FC0058960A /* PartySpotTests */,
				83603BD82AD8735C00EA47F1 /* Products */,
				83603C002AD879E300EA47F1 /* Frameworks */,
			);
			sourceTree = "<group>";
		};
		83603BD82AD8735C00EA47F1 /* Products */ = {
			isa = PBXGroup;
			children = (
				83603BD72AD8735C00EA47F1 /* PartySpot.app */,
				83DEACF02B1F33FC0058960A /* PartySpotTests.xctest */,
			);
			name = Products;
			sourceTree = "<group>";
		};
		83603BD92AD8735C00EA47F1 /* PartySpot */ = {
			isa = PBXGroup;
			children = (
				83603BEF2AD8741700EA47F1 /* View+ViewModel */,
				83603BEE2AD8741200EA47F1 /* Model */,
				83603C092ADD20C000EA47F1 /* Service */,
				83DEB9C42AE086A2009A44E1 /* Utilities */,
				83603BF12AD8742000EA47F1 /* Resources */,
			);
			path = PartySpot;
			sourceTree = "<group>";
		};
		83603BEE2AD8741200EA47F1 /* Model */ = {
			isa = PBXGroup;
			children = (
				83603C0C2ADD29B800EA47F1 /* User.swift */,
			);
			path = Model;
			sourceTree = "<group>";
		};
		83603BEF2AD8741700EA47F1 /* View+ViewModel */ = {
			isa = PBXGroup;
			children = (
				83DEB9FC2AEBD884009A44E1 /* User */,
				83DEB9C12AE083EA009A44E1 /* Profile */,
				83DEB9BE2AE083CB009A44E1 /* CreateParty */,
				83603C0F2ADD6FEE00EA47F1 /* CreateAccount */,
				83603C0E2ADD2ADC00EA47F1 /* Login */,
				83603BE02AD8735C00EA47F1 /* Main.storyboard */,
				83603BE52AD8735E00EA47F1 /* LaunchScreen.storyboard */,
				83DEB9CF2AE156C7009A44E1 /* TabBarViewController.swift */,
			);
			path = "View+ViewModel";
			sourceTree = "<group>";
		};
		83603BF12AD8742000EA47F1 /* Resources */ = {
			isa = PBXGroup;
			children = (
				83603BDA2AD8735C00EA47F1 /* AppDelegate.swift */,
				83603BDC2AD8735C00EA47F1 /* SceneDelegate.swift */,
				83603BE32AD8735E00EA47F1 /* Assets.xcassets */,
				83603BE82AD8735E00EA47F1 /* Info.plist */,
				83603BFE2AD876A700EA47F1 /* GoogleService-Info.plist */,
			);
			path = Resources;
			sourceTree = "<group>";
		};
		83603C002AD879E300EA47F1 /* Frameworks */ = {
			isa = PBXGroup;
			children = (
			);
			name = Frameworks;
			sourceTree = "<group>";
		};
		83603C092ADD20C000EA47F1 /* Service */ = {
			isa = PBXGroup;
			children = (
				83603C0A2ADD20CD00EA47F1 /* FirebaseAuthService.swift */,
				83DEB9C72AE14750009A44E1 /* FirestoreService.swift */,
			);
			path = Service;
			sourceTree = "<group>";
		};
		83603C0E2ADD2ADC00EA47F1 /* Login */ = {
			isa = PBXGroup;
			children = (
				83603C052ADD206800EA47F1 /* LoginViewController.swift */,
				83603C072ADD208400EA47F1 /* LoginViewModel.swift */,
			);
			path = Login;
			sourceTree = "<group>";
		};
		83603C0F2ADD6FEE00EA47F1 /* CreateAccount */ = {
			isa = PBXGroup;
			children = (
				83603C102ADD6FFC00EA47F1 /* CreateAccountViewController.swift */,
				83603C122ADD726C00EA47F1 /* CreateAccountViewModel.swift */,
			);
			path = CreateAccount;
			sourceTree = "<group>";
		};
		83DEACF12B1F33FC0058960A /* PartySpotTests */ = {
			isa = PBXGroup;
			children = (
				83DEACF22B1F33FC0058960A /* PartySpotTests.swift */,
			);
			path = PartySpotTests;
			sourceTree = "<group>";
		};
		83DEB9BE2AE083CB009A44E1 /* CreateParty */ = {
			isa = PBXGroup;
			children = (
				83DEB9BF2AE083DD009A44E1 /* CreatePartyViewController.swift */,
				83DEB9CD2AE150B3009A44E1 /* CreatePartyViewModel.swift */,
			);
			path = CreateParty;
			sourceTree = "<group>";
		};
		83DEB9C12AE083EA009A44E1 /* Profile */ = {
			isa = PBXGroup;
			children = (
				83DEB9C22AE083F1009A44E1 /* ProfileViewController.swift */,
			);
			path = Profile;
			sourceTree = "<group>";
		};
		83DEB9C42AE086A2009A44E1 /* Utilities */ = {
			isa = PBXGroup;
			children = (
				83F4CB8C2B21C348009ADF55 /* StringExtension.swift */,
				83F4CB8E2B21C35F009ADF55 /* UIViewControllerExtension.swift */,
				83F4CB902B21C371009ADF55 /* UITextFieldExtension.swift */,
				83F4CB922B21C386009ADF55 /* UIButtonExtension.swift */,
			);
			path = Utilities;
			sourceTree = "<group>";
		};
		83DEB9FC2AEBD884009A44E1 /* User */ = {
			isa = PBXGroup;
			children = (
				83DEB9FD2AEBD890009A44E1 /* UserViewModel.swift */,
			);
			path = User;
			sourceTree = "<group>";
		};
/* End PBXGroup section */

/* Begin PBXNativeTarget section */
		83603BD62AD8735C00EA47F1 /* PartySpot */ = {
			isa = PBXNativeTarget;
			buildConfigurationList = 83603BEB2AD8735E00EA47F1 /* Build configuration list for PBXNativeTarget "PartySpot" */;
			buildPhases = (
				83603BD32AD8735C00EA47F1 /* Sources */,
				83603BD42AD8735C00EA47F1 /* Frameworks */,
				83603BD52AD8735C00EA47F1 /* Resources */,
				83603BFD2AD875B900EA47F1 /* ShellScript */,
			);
			buildRules = (
			);
			dependencies = (
			);
			name = PartySpot;
			packageProductDependencies = (
				83603BF32AD874CE00EA47F1 /* FirebaseAnalytics */,
				83603BF52AD874CE00EA47F1 /* FirebaseAnalyticsSwift */,
				83603BF72AD874CE00EA47F1 /* FirebaseAuth */,
				83603BF92AD874CE00EA47F1 /* FirebaseCrashlytics */,
				83603BFB2AD874CE00EA47F1 /* FirebaseStorage */,
				83603C012AD879E300EA47F1 /* FirebaseFirestore */,
				83603C032AD879E300EA47F1 /* FirebaseFirestoreSwift */,
			);
			productName = PartySpot;
			productReference = 83603BD72AD8735C00EA47F1 /* PartySpot.app */;
			productType = "com.apple.product-type.application";
		};
		83DEACEF2B1F33FC0058960A /* PartySpotTests */ = {
			isa = PBXNativeTarget;
			buildConfigurationList = 83DEACF82B1F33FC0058960A /* Build configuration list for PBXNativeTarget "PartySpotTests" */;
			buildPhases = (
				83DEACEC2B1F33FC0058960A /* Sources */,
				83DEACED2B1F33FC0058960A /* Frameworks */,
				83DEACEE2B1F33FC0058960A /* Resources */,
			);
			buildRules = (
			);
			dependencies = (
				83DEACF52B1F33FC0058960A /* PBXTargetDependency */,
			);
			name = PartySpotTests;
			productName = PartySpotTests;
			productReference = 83DEACF02B1F33FC0058960A /* PartySpotTests.xctest */;
			productType = "com.apple.product-type.bundle.unit-test";
		};
/* End PBXNativeTarget section */

/* Begin PBXProject section */
		83603BCF2AD8735C00EA47F1 /* Project object */ = {
			isa = PBXProject;
			attributes = {
				BuildIndependentTargetsInParallel = 1;
				LastSwiftUpdateCheck = 1500;
				LastUpgradeCheck = 1500;
				TargetAttributes = {
					83603BD62AD8735C00EA47F1 = {
						CreatedOnToolsVersion = 14.3.1;
					};
					83DEACEF2B1F33FC0058960A = {
						CreatedOnToolsVersion = 15.0.1;
						TestTargetID = 83603BD62AD8735C00EA47F1;
					};
				};
			};
			buildConfigurationList = 83603BD22AD8735C00EA47F1 /* Build configuration list for PBXProject "PartySpot" */;
			compatibilityVersion = "Xcode 14.0";
			developmentRegion = en;
			hasScannedForEncodings = 0;
			knownRegions = (
				en,
				Base,
			);
			mainGroup = 83603BCE2AD8735C00EA47F1;
			packageReferences = (
				83603BF22AD874CE00EA47F1 /* XCRemoteSwiftPackageReference "firebase-ios-sdk" */,
			);
			productRefGroup = 83603BD82AD8735C00EA47F1 /* Products */;
			projectDirPath = "";
			projectRoot = "";
			targets = (
				83603BD62AD8735C00EA47F1 /* PartySpot */,
				83DEACEF2B1F33FC0058960A /* PartySpotTests */,
			);
		};
/* End PBXProject section */

/* Begin PBXResourcesBuildPhase section */
		83603BD52AD8735C00EA47F1 /* Resources */ = {
			isa = PBXResourcesBuildPhase;
			buildActionMask = 2147483647;
			files = (
				83603BE72AD8735E00EA47F1 /* LaunchScreen.storyboard in Resources */,
				83603BFF2AD876A700EA47F1 /* GoogleService-Info.plist in Resources */,
				83603BE42AD8735E00EA47F1 /* Assets.xcassets in Resources */,
				83603BE22AD8735C00EA47F1 /* Main.storyboard in Resources */,
			);
			runOnlyForDeploymentPostprocessing = 0;
		};
		83DEACEE2B1F33FC0058960A /* Resources */ = {
			isa = PBXResourcesBuildPhase;
			buildActionMask = 2147483647;
			files = (
			);
			runOnlyForDeploymentPostprocessing = 0;
		};
/* End PBXResourcesBuildPhase section */

/* Begin PBXShellScriptBuildPhase section */
		83603BFD2AD875B900EA47F1 /* ShellScript */ = {
			isa = PBXShellScriptBuildPhase;
			alwaysOutOfDate = 1;
			buildActionMask = 2147483647;
			files = (
			);
			inputFileListPaths = (
			);
			inputPaths = (
				"${DWARF_DSYM_FOLDER_PATH}/${DWARF_DSYM_FILE_NAME}",
				"${DWARF_DSYM_FOLDER_PATH}/${DWARF_DSYM_FILE_NAME}/Contents/Resources/DWARF/${PRODUCT_NAME}",
				"${DWARF_DSYM_FOLDER_PATH}/${DWARF_DSYM_FILE_NAME}/Contents/Info.plist",
				"$(TARGET_BUILD_DIR)/$(UNLOCALIZED_RESOURCES_FOLDER_PATH)/GoogleService-Info.plist",
				"$(TARGET_BUILD_DIR)/$(EXECUTABLE_PATH)",
			);
			outputFileListPaths = (
			);
			outputPaths = (
			);
			runOnlyForDeploymentPostprocessing = 0;
			shellPath = /bin/sh;
			shellScript = "# Type a script or drag a script file from your workspace to insert its path.\n\"${BUILD_DIR%/Build/*}/SourcePackages/checkouts/firebase-ios-sdk/Crashlytics/run\"\n";
		};
/* End PBXShellScriptBuildPhase section */

/* Begin PBXSourcesBuildPhase section */
		83603BD32AD8735C00EA47F1 /* Sources */ = {
			isa = PBXSourcesBuildPhase;
			buildActionMask = 2147483647;
			files = (
				83DEB9D02AE156C7009A44E1 /* TabBarViewController.swift in Sources */,
				83F4CB912B21C371009ADF55 /* UITextFieldExtension.swift in Sources */,
				83F4CB932B21C386009ADF55 /* UIButtonExtension.swift in Sources */,
				83603C112ADD6FFC00EA47F1 /* CreateAccountViewController.swift in Sources */,
				83DEB9C82AE14750009A44E1 /* FirestoreService.swift in Sources */,
				83603C0B2ADD20CD00EA47F1 /* FirebaseAuthService.swift in Sources */,
				83F4CB8F2B21C35F009ADF55 /* UIViewControllerExtension.swift in Sources */,
				83F4CB8D2B21C348009ADF55 /* StringExtension.swift in Sources */,
				83DEB9C32AE083F1009A44E1 /* ProfileViewController.swift in Sources */,
				83603C082ADD208400EA47F1 /* LoginViewModel.swift in Sources */,
				83603C0D2ADD29B800EA47F1 /* User.swift in Sources */,
				83603C132ADD726C00EA47F1 /* CreateAccountViewModel.swift in Sources */,
				83DEB9CE2AE150B3009A44E1 /* CreatePartyViewModel.swift in Sources */,
				83603C062ADD206800EA47F1 /* LoginViewController.swift in Sources */,
				83603BDB2AD8735C00EA47F1 /* AppDelegate.swift in Sources */,
				83DEB9FE2AEBD890009A44E1 /* UserViewModel.swift in Sources */,
				83603BDD2AD8735C00EA47F1 /* SceneDelegate.swift in Sources */,
				83DEB9C02AE083DD009A44E1 /* CreatePartyViewController.swift in Sources */,
			);
			runOnlyForDeploymentPostprocessing = 0;
		};
		83DEACEC2B1F33FC0058960A /* Sources */ = {
			isa = PBXSourcesBuildPhase;
			buildActionMask = 2147483647;
			files = (
				83DEACF32B1F33FC0058960A /* PartySpotTests.swift in Sources */,
			);
			runOnlyForDeploymentPostprocessing = 0;
		};
/* End PBXSourcesBuildPhase section */

/* Begin PBXTargetDependency section */
		83DEACF52B1F33FC0058960A /* PBXTargetDependency */ = {
			isa = PBXTargetDependency;
			target = 83603BD62AD8735C00EA47F1 /* PartySpot */;
			targetProxy = 83DEACF42B1F33FC0058960A /* PBXContainerItemProxy */;
		};
/* End PBXTargetDependency section */

/* Begin PBXVariantGroup section */
		83603BE02AD8735C00EA47F1 /* Main.storyboard */ = {
			isa = PBXVariantGroup;
			children = (
				83603BE12AD8735C00EA47F1 /* Base */,
			);
			name = Main.storyboard;
			sourceTree = "<group>";
		};
		83603BE52AD8735E00EA47F1 /* LaunchScreen.storyboard */ = {
			isa = PBXVariantGroup;
			children = (
				83603BE62AD8735E00EA47F1 /* Base */,
			);
			name = LaunchScreen.storyboard;
			sourceTree = "<group>";
		};
/* End PBXVariantGroup section */

/* Begin XCBuildConfiguration section */
		83603BE92AD8735E00EA47F1 /* Debug */ = {
			isa = XCBuildConfiguration;
			buildSettings = {
				ALWAYS_SEARCH_USER_PATHS = NO;
				ASSETCATALOG_COMPILER_GENERATE_SWIFT_ASSET_SYMBOL_EXTENSIONS = YES;
				CLANG_ANALYZER_NONNULL = YES;
				CLANG_ANALYZER_NUMBER_OBJECT_CONVERSION = YES_AGGRESSIVE;
				CLANG_CXX_LANGUAGE_STANDARD = "gnu++20";
				CLANG_ENABLE_MODULES = YES;
				CLANG_ENABLE_OBJC_ARC = YES;
				CLANG_ENABLE_OBJC_WEAK = YES;
				CLANG_WARN_BLOCK_CAPTURE_AUTORELEASING = YES;
				CLANG_WARN_BOOL_CONVERSION = YES;
				CLANG_WARN_COMMA = YES;
				CLANG_WARN_CONSTANT_CONVERSION = YES;
				CLANG_WARN_DEPRECATED_OBJC_IMPLEMENTATIONS = YES;
				CLANG_WARN_DIRECT_OBJC_ISA_USAGE = YES_ERROR;
				CLANG_WARN_DOCUMENTATION_COMMENTS = YES;
				CLANG_WARN_EMPTY_BODY = YES;
				CLANG_WARN_ENUM_CONVERSION = YES;
				CLANG_WARN_INFINITE_RECURSION = YES;
				CLANG_WARN_INT_CONVERSION = YES;
				CLANG_WARN_NON_LITERAL_NULL_CONVERSION = YES;
				CLANG_WARN_OBJC_IMPLICIT_RETAIN_SELF = YES;
				CLANG_WARN_OBJC_LITERAL_CONVERSION = YES;
				CLANG_WARN_OBJC_ROOT_CLASS = YES_ERROR;
				CLANG_WARN_QUOTED_INCLUDE_IN_FRAMEWORK_HEADER = YES;
				CLANG_WARN_RANGE_LOOP_ANALYSIS = YES;
				CLANG_WARN_STRICT_PROTOTYPES = YES;
				CLANG_WARN_SUSPICIOUS_MOVE = YES;
				CLANG_WARN_UNGUARDED_AVAILABILITY = YES_AGGRESSIVE;
				CLANG_WARN_UNREACHABLE_CODE = YES;
				CLANG_WARN__DUPLICATE_METHOD_MATCH = YES;
				COPY_PHASE_STRIP = NO;
				DEBUG_INFORMATION_FORMAT = dwarf;
				ENABLE_STRICT_OBJC_MSGSEND = YES;
				ENABLE_TESTABILITY = YES;
				GCC_C_LANGUAGE_STANDARD = gnu11;
				GCC_DYNAMIC_NO_PIC = NO;
				GCC_NO_COMMON_BLOCKS = YES;
				GCC_OPTIMIZATION_LEVEL = 0;
				GCC_PREPROCESSOR_DEFINITIONS = (
					"DEBUG=1",
					"$(inherited)",
				);
				GCC_WARN_64_TO_32_BIT_CONVERSION = YES;
				GCC_WARN_ABOUT_RETURN_TYPE = YES_ERROR;
				GCC_WARN_UNDECLARED_SELECTOR = YES;
				GCC_WARN_UNINITIALIZED_AUTOS = YES_AGGRESSIVE;
				GCC_WARN_UNUSED_FUNCTION = YES;
				GCC_WARN_UNUSED_VARIABLE = YES;
				IPHONEOS_DEPLOYMENT_TARGET = 16.4;
				MTL_ENABLE_DEBUG_INFO = INCLUDE_SOURCE;
				MTL_FAST_MATH = YES;
				ONLY_ACTIVE_ARCH = YES;
				SDKROOT = iphoneos;
				SWIFT_ACTIVE_COMPILATION_CONDITIONS = DEBUG;
				SWIFT_OPTIMIZATION_LEVEL = "-Onone";
			};
			name = Debug;
		};
		83603BEA2AD8735E00EA47F1 /* Release */ = {
			isa = XCBuildConfiguration;
			buildSettings = {
				ALWAYS_SEARCH_USER_PATHS = NO;
				ASSETCATALOG_COMPILER_GENERATE_SWIFT_ASSET_SYMBOL_EXTENSIONS = YES;
				CLANG_ANALYZER_NONNULL = YES;
				CLANG_ANALYZER_NUMBER_OBJECT_CONVERSION = YES_AGGRESSIVE;
				CLANG_CXX_LANGUAGE_STANDARD = "gnu++20";
				CLANG_ENABLE_MODULES = YES;
				CLANG_ENABLE_OBJC_ARC = YES;
				CLANG_ENABLE_OBJC_WEAK = YES;
				CLANG_WARN_BLOCK_CAPTURE_AUTORELEASING = YES;
				CLANG_WARN_BOOL_CONVERSION = YES;
				CLANG_WARN_COMMA = YES;
				CLANG_WARN_CONSTANT_CONVERSION = YES;
				CLANG_WARN_DEPRECATED_OBJC_IMPLEMENTATIONS = YES;
				CLANG_WARN_DIRECT_OBJC_ISA_USAGE = YES_ERROR;
				CLANG_WARN_DOCUMENTATION_COMMENTS = YES;
				CLANG_WARN_EMPTY_BODY = YES;
				CLANG_WARN_ENUM_CONVERSION = YES;
				CLANG_WARN_INFINITE_RECURSION = YES;
				CLANG_WARN_INT_CONVERSION = YES;
				CLANG_WARN_NON_LITERAL_NULL_CONVERSION = YES;
				CLANG_WARN_OBJC_IMPLICIT_RETAIN_SELF = YES;
				CLANG_WARN_OBJC_LITERAL_CONVERSION = YES;
				CLANG_WARN_OBJC_ROOT_CLASS = YES_ERROR;
				CLANG_WARN_QUOTED_INCLUDE_IN_FRAMEWORK_HEADER = YES;
				CLANG_WARN_RANGE_LOOP_ANALYSIS = YES;
				CLANG_WARN_STRICT_PROTOTYPES = YES;
				CLANG_WARN_SUSPICIOUS_MOVE = YES;
				CLANG_WARN_UNGUARDED_AVAILABILITY = YES_AGGRESSIVE;
				CLANG_WARN_UNREACHABLE_CODE = YES;
				CLANG_WARN__DUPLICATE_METHOD_MATCH = YES;
				COPY_PHASE_STRIP = NO;
				DEBUG_INFORMATION_FORMAT = "dwarf-with-dsym";
				ENABLE_NS_ASSERTIONS = NO;
				ENABLE_STRICT_OBJC_MSGSEND = YES;
				GCC_C_LANGUAGE_STANDARD = gnu11;
				GCC_NO_COMMON_BLOCKS = YES;
				GCC_WARN_64_TO_32_BIT_CONVERSION = YES;
				GCC_WARN_ABOUT_RETURN_TYPE = YES_ERROR;
				GCC_WARN_UNDECLARED_SELECTOR = YES;
				GCC_WARN_UNINITIALIZED_AUTOS = YES_AGGRESSIVE;
				GCC_WARN_UNUSED_FUNCTION = YES;
				GCC_WARN_UNUSED_VARIABLE = YES;
				IPHONEOS_DEPLOYMENT_TARGET = 16.4;
				MTL_ENABLE_DEBUG_INFO = NO;
				MTL_FAST_MATH = YES;
				SDKROOT = iphoneos;
				SWIFT_COMPILATION_MODE = wholemodule;
				SWIFT_OPTIMIZATION_LEVEL = "-O";
				VALIDATE_PRODUCT = YES;
			};
			name = Release;
		};
		83603BEC2AD8735E00EA47F1 /* Debug */ = {
			isa = XCBuildConfiguration;
			buildSettings = {
				ASSETCATALOG_COMPILER_APPICON_NAME = AppIcon;
				ASSETCATALOG_COMPILER_GLOBAL_ACCENT_COLOR_NAME = AccentColor;
				CODE_SIGN_STYLE = Automatic;
				CURRENT_PROJECT_VERSION = 1;
				DEBUG_INFORMATION_FORMAT = "dwarf-with-dsym";
				DEVELOPMENT_TEAM = UF8VBT3FGJ;
				GENERATE_INFOPLIST_FILE = YES;
				INFOPLIST_FILE = PartySpot/Resources/Info.plist;
				INFOPLIST_KEY_UIApplicationSupportsIndirectInputEvents = YES;
				INFOPLIST_KEY_UILaunchStoryboardName = LaunchScreen;
				INFOPLIST_KEY_UIMainStoryboardFile = Main;
				INFOPLIST_KEY_UISupportedInterfaceOrientations_iPad = "UIInterfaceOrientationPortrait UIInterfaceOrientationPortraitUpsideDown UIInterfaceOrientationLandscapeLeft UIInterfaceOrientationLandscapeRight";
				INFOPLIST_KEY_UISupportedInterfaceOrientations_iPhone = "UIInterfaceOrientationPortrait UIInterfaceOrientationLandscapeLeft UIInterfaceOrientationLandscapeRight";
				LD_RUNPATH_SEARCH_PATHS = (
					"$(inherited)",
					"@executable_path/Frameworks",
				);
				MARKETING_VERSION = 1.0;
				PRODUCT_BUNDLE_IDENTIFIER = com.mickaelhorn.PartySpot;
				PRODUCT_NAME = "$(TARGET_NAME)";
				SWIFT_EMIT_LOC_STRINGS = YES;
				SWIFT_VERSION = 5.0;
				TARGETED_DEVICE_FAMILY = "1,2";
			};
			name = Debug;
		};
		83603BED2AD8735E00EA47F1 /* Release */ = {
			isa = XCBuildConfiguration;
			buildSettings = {
				ASSETCATALOG_COMPILER_APPICON_NAME = AppIcon;
				ASSETCATALOG_COMPILER_GLOBAL_ACCENT_COLOR_NAME = AccentColor;
				CODE_SIGN_STYLE = Automatic;
				CURRENT_PROJECT_VERSION = 1;
				DEVELOPMENT_TEAM = UF8VBT3FGJ;
				GENERATE_INFOPLIST_FILE = YES;
				INFOPLIST_FILE = PartySpot/Resources/Info.plist;
				INFOPLIST_KEY_UIApplicationSupportsIndirectInputEvents = YES;
				INFOPLIST_KEY_UILaunchStoryboardName = LaunchScreen;
				INFOPLIST_KEY_UIMainStoryboardFile = Main;
				INFOPLIST_KEY_UISupportedInterfaceOrientations_iPad = "UIInterfaceOrientationPortrait UIInterfaceOrientationPortraitUpsideDown UIInterfaceOrientationLandscapeLeft UIInterfaceOrientationLandscapeRight";
				INFOPLIST_KEY_UISupportedInterfaceOrientations_iPhone = "UIInterfaceOrientationPortrait UIInterfaceOrientationLandscapeLeft UIInterfaceOrientationLandscapeRight";
				LD_RUNPATH_SEARCH_PATHS = (
					"$(inherited)",
					"@executable_path/Frameworks",
				);
				MARKETING_VERSION = 1.0;
				PRODUCT_BUNDLE_IDENTIFIER = com.mickaelhorn.PartySpot;
				PRODUCT_NAME = "$(TARGET_NAME)";
				SWIFT_EMIT_LOC_STRINGS = YES;
				SWIFT_VERSION = 5.0;
				TARGETED_DEVICE_FAMILY = "1,2";
			};
			name = Release;
		};
		83DEACF62B1F33FC0058960A /* Debug */ = {
			isa = XCBuildConfiguration;
			buildSettings = {
				ASSETCATALOG_COMPILER_GENERATE_SWIFT_ASSET_SYMBOL_EXTENSIONS = YES;
				BUNDLE_LOADER = "$(TEST_HOST)";
				CODE_SIGN_STYLE = Automatic;
				CURRENT_PROJECT_VERSION = 1;
				DEVELOPMENT_TEAM = UF8VBT3FGJ;
				ENABLE_USER_SCRIPT_SANDBOXING = YES;
				GCC_C_LANGUAGE_STANDARD = gnu17;
				GENERATE_INFOPLIST_FILE = YES;
				IPHONEOS_DEPLOYMENT_TARGET = 17.0;
				LOCALIZATION_PREFERS_STRING_CATALOGS = YES;
				MARKETING_VERSION = 1.0;
				PRODUCT_BUNDLE_IDENTIFIER = com.mickaelhorn.PartySpotTests;
				PRODUCT_NAME = "$(TARGET_NAME)";
				SWIFT_ACTIVE_COMPILATION_CONDITIONS = "DEBUG $(inherited)";
				SWIFT_EMIT_LOC_STRINGS = NO;
				SWIFT_VERSION = 5.0;
				TARGETED_DEVICE_FAMILY = "1,2";
				TEST_HOST = "$(BUILT_PRODUCTS_DIR)/PartySpot.app/$(BUNDLE_EXECUTABLE_FOLDER_PATH)/PartySpot";
			};
			name = Debug;
		};
		83DEACF72B1F33FC0058960A /* Release */ = {
			isa = XCBuildConfiguration;
			buildSettings = {
				ASSETCATALOG_COMPILER_GENERATE_SWIFT_ASSET_SYMBOL_EXTENSIONS = YES;
				BUNDLE_LOADER = "$(TEST_HOST)";
				CODE_SIGN_STYLE = Automatic;
				CURRENT_PROJECT_VERSION = 1;
				DEVELOPMENT_TEAM = UF8VBT3FGJ;
				ENABLE_USER_SCRIPT_SANDBOXING = YES;
				GCC_C_LANGUAGE_STANDARD = gnu17;
				GENERATE_INFOPLIST_FILE = YES;
				IPHONEOS_DEPLOYMENT_TARGET = 17.0;
				LOCALIZATION_PREFERS_STRING_CATALOGS = YES;
				MARKETING_VERSION = 1.0;
				PRODUCT_BUNDLE_IDENTIFIER = com.mickaelhorn.PartySpotTests;
				PRODUCT_NAME = "$(TARGET_NAME)";
				SWIFT_EMIT_LOC_STRINGS = NO;
				SWIFT_VERSION = 5.0;
				TARGETED_DEVICE_FAMILY = "1,2";
				TEST_HOST = "$(BUILT_PRODUCTS_DIR)/PartySpot.app/$(BUNDLE_EXECUTABLE_FOLDER_PATH)/PartySpot";
			};
			name = Release;
		};
/* End XCBuildConfiguration section */

/* Begin XCConfigurationList section */
		83603BD22AD8735C00EA47F1 /* Build configuration list for PBXProject "PartySpot" */ = {
			isa = XCConfigurationList;
			buildConfigurations = (
				83603BE92AD8735E00EA47F1 /* Debug */,
				83603BEA2AD8735E00EA47F1 /* Release */,
			);
			defaultConfigurationIsVisible = 0;
			defaultConfigurationName = Release;
		};
		83603BEB2AD8735E00EA47F1 /* Build configuration list for PBXNativeTarget "PartySpot" */ = {
			isa = XCConfigurationList;
			buildConfigurations = (
				83603BEC2AD8735E00EA47F1 /* Debug */,
				83603BED2AD8735E00EA47F1 /* Release */,
			);
			defaultConfigurationIsVisible = 0;
			defaultConfigurationName = Release;
		};
		83DEACF82B1F33FC0058960A /* Build configuration list for PBXNativeTarget "PartySpotTests" */ = {
			isa = XCConfigurationList;
			buildConfigurations = (
				83DEACF62B1F33FC0058960A /* Debug */,
				83DEACF72B1F33FC0058960A /* Release */,
			);
			defaultConfigurationIsVisible = 0;
			defaultConfigurationName = Release;
		};
/* End XCConfigurationList section */

/* Begin XCRemoteSwiftPackageReference section */
		83603BF22AD874CE00EA47F1 /* XCRemoteSwiftPackageReference "firebase-ios-sdk" */ = {
			isa = XCRemoteSwiftPackageReference;
			repositoryURL = "https://github.com/firebase/firebase-ios-sdk.git";
			requirement = {
				kind = upToNextMajorVersion;
				minimumVersion = 10.0.0;
			};
		};
/* End XCRemoteSwiftPackageReference section */

/* Begin XCSwiftPackageProductDependency section */
		83603BF32AD874CE00EA47F1 /* FirebaseAnalytics */ = {
			isa = XCSwiftPackageProductDependency;
			package = 83603BF22AD874CE00EA47F1 /* XCRemoteSwiftPackageReference "firebase-ios-sdk" */;
			productName = FirebaseAnalytics;
		};
		83603BF52AD874CE00EA47F1 /* FirebaseAnalyticsSwift */ = {
			isa = XCSwiftPackageProductDependency;
			package = 83603BF22AD874CE00EA47F1 /* XCRemoteSwiftPackageReference "firebase-ios-sdk" */;
			productName = FirebaseAnalyticsSwift;
		};
		83603BF72AD874CE00EA47F1 /* FirebaseAuth */ = {
			isa = XCSwiftPackageProductDependency;
			package = 83603BF22AD874CE00EA47F1 /* XCRemoteSwiftPackageReference "firebase-ios-sdk" */;
			productName = FirebaseAuth;
		};
		83603BF92AD874CE00EA47F1 /* FirebaseCrashlytics */ = {
			isa = XCSwiftPackageProductDependency;
			package = 83603BF22AD874CE00EA47F1 /* XCRemoteSwiftPackageReference "firebase-ios-sdk" */;
			productName = FirebaseCrashlytics;
		};
		83603BFB2AD874CE00EA47F1 /* FirebaseStorage */ = {
			isa = XCSwiftPackageProductDependency;
			package = 83603BF22AD874CE00EA47F1 /* XCRemoteSwiftPackageReference "firebase-ios-sdk" */;
			productName = FirebaseStorage;
		};
		83603C012AD879E300EA47F1 /* FirebaseFirestore */ = {
			isa = XCSwiftPackageProductDependency;
			package = 83603BF22AD874CE00EA47F1 /* XCRemoteSwiftPackageReference "firebase-ios-sdk" */;
			productName = FirebaseFirestore;
		};
		83603C032AD879E300EA47F1 /* FirebaseFirestoreSwift */ = {
			isa = XCSwiftPackageProductDependency;
			package = 83603BF22AD874CE00EA47F1 /* XCRemoteSwiftPackageReference "firebase-ios-sdk" */;
			productName = FirebaseFirestoreSwift;
		};
/* End XCSwiftPackageProductDependency section */
	};
	rootObject = 83603BCF2AD8735C00EA47F1 /* Project object */;
}
